
Microsoft Visual Studio Solution File, Format Version 12.00
# Visual Studio Version 17
VisualStudioVersion = 17.7.34202.233
MinimumVisualStudioVersion = 10.0.40219.1
Project("{2150E333-8FDC-42A3-9474-1A3956D46DE8}") = "CoreApp", "CoreApp", "{2FB9ED92-8761-4097-AF22-4C470A9A5BAC}"
EndProject
Project("{2150E333-8FDC-42A3-9474-1A3956D46DE8}") = "DataAccess", "DataAccess", "{35AF60F3-E819-445D-AA29-B1944C720EB4}"
	ProjectSection(SolutionItems) = preProject
		SQLProcedure.sql = SQLProcedure.sql
		SQLScript.sql = SQLScript.sql
	EndProjectSection
EndProject
Project("{2150E333-8FDC-42A3-9474-1A3956D46DE8}") = "DTOs", "DTOs", "{B032D81B-2AB2-4C0B-9709-5F9CE631483D}"
EndProject
Project("{2150E333-8FDC-42A3-9474-1A3956D46DE8}") = "WebAPI", "WebAPI", "{5F3ECC0F-8058-4A0C-91CF-DB1848D26DDC}"
EndProject
Project("{2150E333-8FDC-42A3-9474-1A3956D46DE8}") = "WebApp", "WebApp", "{C1B1F0B5-326F-4017-AA7C-3270F7D731B0}"
EndProject
Project("{9A19103F-16F7-4668-BE54-9A1E7A4F7556}") = "CoreApp", "CoreApp\CoreApp.csproj", "{82B4CFF1-79C8-42F6-8EAF-7629E919F17E}"
EndProject
Project("{9A19103F-16F7-4668-BE54-9A1E7A4F7556}") = "DataAccess", "DataAccess\DataAccess.csproj", "{F2394B68-A67C-492D-A035-3A42E5E19739}"
EndProject
Project("{9A19103F-16F7-4668-BE54-9A1E7A4F7556}") = "DTOs", "DTOs\DTOs.csproj", "{B3D1E54C-5FFC-4557-883A-BE609A41731B}"
EndProject
Project("{9A19103F-16F7-4668-BE54-9A1E7A4F7556}") = "WebAPI", "WebAPI\WebAPI.csproj", "{2875F3CE-5048-4C55-99DE-EFB6F593CA4E}"
EndProject
Project("{9A19103F-16F7-4668-BE54-9A1E7A4F7556}") = "WebApp", "WebApp\WebApp.csproj", "{E37BCCD1-7AE5-4514-BD90-FB0EBDF83CC5}"
EndProject
Project("{2150E333-8FDC-42A3-9474-1A3956D46DE8}") = "utilities", "utilities", "{DB518BEF-8E19-49B2-BC1C-946900748D7E}"
EndProject
Global
	GlobalSection(SolutionConfigurationPlatforms) = preSolution
		Debug|Any CPU = Debug|Any CPU
		Release|Any CPU = Release|Any CPU
	EndGlobalSection
	GlobalSection(ProjectConfigurationPlatforms) = postSolution
		{82B4CFF1-79C8-42F6-8EAF-7629E919F17E}.Debug|Any CPU.ActiveCfg = Debug|Any CPU
		{82B4CFF1-79C8-42F6-8EAF-7629E919F17E}.Debug|Any CPU.Build.0 = Debug|Any CPU
		{82B4CFF1-79C8-42F6-8EAF-7629E919F17E}.Release|Any CPU.ActiveCfg = Release|Any CPU
		{82B4CFF1-79C8-42F6-8EAF-7629E919F17E}.Release|Any CPU.Build.0 = Release|Any CPU
		{F2394B68-A67C-492D-A035-3A42E5E19739}.Debug|Any CPU.ActiveCfg = Debug|Any CPU
		{F2394B68-A67C-492D-A035-3A42E5E19739}.Debug|Any CPU.Build.0 = Debug|Any CPU
		{F2394B68-A67C-492D-A035-3A42E5E19739}.Release|Any CPU.ActiveCfg = Release|Any CPU
		{F2394B68-A67C-492D-A035-3A42E5E19739}.Release|Any CPU.Build.0 = Release|Any CPU
		{B3D1E54C-5FFC-4557-883A-BE609A41731B}.Debug|Any CPU.ActiveCfg = Debug|Any CPU
		{B3D1E54C-5FFC-4557-883A-BE609A41731B}.Debug|Any CPU.Build.0 = Debug|Any CPU
		{B3D1E54C-5FFC-4557-883A-BE609A41731B}.Release|Any CPU.ActiveCfg = Release|Any CPU
		{B3D1E54C-5FFC-4557-883A-BE609A41731B}.Release|Any CPU.Build.0 = Release|Any CPU
		{2875F3CE-5048-4C55-99DE-EFB6F593CA4E}.Debug|Any CPU.ActiveCfg = Debug|Any CPU
		{2875F3CE-5048-4C55-99DE-EFB6F593CA4E}.Debug|Any CPU.Build.0 = Debug|Any CPU
		{2875F3CE-5048-4C55-99DE-EFB6F593CA4E}.Release|Any CPU.ActiveCfg = Release|Any CPU
		{2875F3CE-5048-4C55-99DE-EFB6F593CA4E}.Release|Any CPU.Build.0 = Release|Any CPU
		{E37BCCD1-7AE5-4514-BD90-FB0EBDF83CC5}.Debug|Any CPU.ActiveCfg = Debug|Any CPU
		{E37BCCD1-7AE5-4514-BD90-FB0EBDF83CC5}.Debug|Any CPU.Build.0 = Debug|Any CPU
		{E37BCCD1-7AE5-4514-BD90-FB0EBDF83CC5}.Release|Any CPU.ActiveCfg = Release|Any CPU
		{E37BCCD1-7AE5-4514-BD90-FB0EBDF83CC5}.Release|Any CPU.Build.0 = Release|Any CPU
	EndGlobalSection
	GlobalSection(SolutionProperties) = preSolution
		HideSolutionNode = FALSE
	EndGlobalSection
	GlobalSection(NestedProjects) = preSolution
		{82B4CFF1-79C8-42F6-8EAF-7629E919F17E} = {2FB9ED92-8761-4097-AF22-4C470A9A5BAC}
		{F2394B68-A67C-492D-A035-3A42E5E19739} = {35AF60F3-E819-445D-AA29-B1944C720EB4}
		{B3D1E54C-5FFC-4557-883A-BE609A41731B} = {B032D81B-2AB2-4C0B-9709-5F9CE631483D}
		{2875F3CE-5048-4C55-99DE-EFB6F593CA4E} = {5F3ECC0F-8058-4A0C-91CF-DB1848D26DDC}
		{E37BCCD1-7AE5-4514-BD90-FB0EBDF83CC5} = {C1B1F0B5-326F-4017-AA7C-3270F7D731B0}
		{DB518BEF-8E19-49B2-BC1C-946900748D7E} = {C1B1F0B5-326F-4017-AA7C-3270F7D731B0}
	EndGlobalSection
	GlobalSection(ExtensibilityGlobals) = postSolution
		SolutionGuid = {7F7898CF-50F6-46BA-8658-66699B31067A}
	EndGlobalSection
EndGlobal
