
Microsoft Visual Studio Solution File, Format Version 12.00
# Visual Studio Version 17
VisualStudioVersion = 17.7.34031.279
MinimumVisualStudioVersion = 10.0.40219.1
Project("{9A19103F-16F7-4668-BE54-9A1E7A4F7556}") = "DashBoardMeteorologico", "DashBoardMeteorologico.csproj", "{5700DEAB-14F8-4CD3-B6A8-AA7B3D78BE9B}"
EndProject
Project("{2150E333-8FDC-42A3-9474-1A3956D46DE8}") = "0_DTOs", "0_DTOs", "{92A1470A-7B38-4A0F-8D1C-48342882439C}"
EndProject
Project("{2150E333-8FDC-42A3-9474-1A3956D46DE8}") = "1_DataAccess", "1_DataAccess", "{DB0A5CBC-4D7F-459F-B892-2E98DA62475A}"
EndProject
Project("{2150E333-8FDC-42A3-9474-1A3956D46DE8}") = "2_CoreApp", "2_CoreApp", "{2A538B45-EDA5-4E98-A8D4-8E5C4D4A3E58}"
EndProject
Project("{2150E333-8FDC-42A3-9474-1A3956D46DE8}") = "3_WebAPI", "3_WebAPI", "{0E339B8A-D231-4E24-9DCE-F3B991FB98D1}"
EndProject
Project("{2150E333-8FDC-42A3-9474-1A3956D46DE8}") = "99_Test", "99_Test", "{97A60D94-CCA6-4448-8ECE-B7A15482855D}"
EndProject
Project("{9A19103F-16F7-4668-BE54-9A1E7A4F7556}") = "DTOs", "..\DTOs\DTOs.csproj", "{3B737F78-AC3C-40B5-AAE1-7A3295BF84AB}"
EndProject
Project("{9A19103F-16F7-4668-BE54-9A1E7A4F7556}") = "DataAccess", "..\DataAccess\DataAccess.csproj", "{38325379-D155-4267-B71F-505F405A8EEC}"
EndProject
Project("{9A19103F-16F7-4668-BE54-9A1E7A4F7556}") = "CoreApp", "..\CoreApp\CoreApp.csproj", "{C749BB49-0744-4978-A1E1-2649B27C0A61}"
EndProject
Project("{9A19103F-16F7-4668-BE54-9A1E7A4F7556}") = "WebAPI", "..\WebAPI\WebAPI.csproj", "{243C6D50-D5AF-4FBE-AE68-D1FB20E052A4}"
EndProject
Project("{2150E333-8FDC-42A3-9474-1A3956D46DE8}") = "4_WebApp", "4_WebApp", "{7E35E6A8-0DA2-4E18-AA73-005FCD2BCE5C}"
EndProject
Project("{FAE04EC0-301F-11D3-BF4B-00C04F79EFBC}") = "WebApp", "..\WebApp\WebApp.csproj", "{14B519E8-19FC-4A94-83CF-1E8399A7F0A3}"
EndProject
Global
	GlobalSection(SolutionConfigurationPlatforms) = preSolution
		Debug|Any CPU = Debug|Any CPU
		Release|Any CPU = Release|Any CPU
	EndGlobalSection
	GlobalSection(ProjectConfigurationPlatforms) = postSolution
		{5700DEAB-14F8-4CD3-B6A8-AA7B3D78BE9B}.Debug|Any CPU.ActiveCfg = Debug|Any CPU
		{5700DEAB-14F8-4CD3-B6A8-AA7B3D78BE9B}.Debug|Any CPU.Build.0 = Debug|Any CPU
		{5700DEAB-14F8-4CD3-B6A8-AA7B3D78BE9B}.Release|Any CPU.ActiveCfg = Release|Any CPU
		{5700DEAB-14F8-4CD3-B6A8-AA7B3D78BE9B}.Release|Any CPU.Build.0 = Release|Any CPU
		{3B737F78-AC3C-40B5-AAE1-7A3295BF84AB}.Debug|Any CPU.ActiveCfg = Debug|Any CPU
		{3B737F78-AC3C-40B5-AAE1-7A3295BF84AB}.Debug|Any CPU.Build.0 = Debug|Any CPU
		{3B737F78-AC3C-40B5-AAE1-7A3295BF84AB}.Release|Any CPU.ActiveCfg = Release|Any CPU
		{3B737F78-AC3C-40B5-AAE1-7A3295BF84AB}.Release|Any CPU.Build.0 = Release|Any CPU
		{38325379-D155-4267-B71F-505F405A8EEC}.Debug|Any CPU.ActiveCfg = Debug|Any CPU
		{38325379-D155-4267-B71F-505F405A8EEC}.Debug|Any CPU.Build.0 = Debug|Any CPU
		{38325379-D155-4267-B71F-505F405A8EEC}.Release|Any CPU.ActiveCfg = Release|Any CPU
		{38325379-D155-4267-B71F-505F405A8EEC}.Release|Any CPU.Build.0 = Release|Any CPU
		{C749BB49-0744-4978-A1E1-2649B27C0A61}.Debug|Any CPU.ActiveCfg = Debug|Any CPU
		{C749BB49-0744-4978-A1E1-2649B27C0A61}.Debug|Any CPU.Build.0 = Debug|Any CPU
		{C749BB49-0744-4978-A1E1-2649B27C0A61}.Release|Any CPU.ActiveCfg = Release|Any CPU
		{C749BB49-0744-4978-A1E1-2649B27C0A61}.Release|Any CPU.Build.0 = Release|Any CPU
		{243C6D50-D5AF-4FBE-AE68-D1FB20E052A4}.Debug|Any CPU.ActiveCfg = Debug|Any CPU
		{243C6D50-D5AF-4FBE-AE68-D1FB20E052A4}.Debug|Any CPU.Build.0 = Debug|Any CPU
		{243C6D50-D5AF-4FBE-AE68-D1FB20E052A4}.Release|Any CPU.ActiveCfg = Release|Any CPU
		{243C6D50-D5AF-4FBE-AE68-D1FB20E052A4}.Release|Any CPU.Build.0 = Release|Any CPU
		{14B519E8-19FC-4A94-83CF-1E8399A7F0A3}.Debug|Any CPU.ActiveCfg = Debug|Any CPU
		{14B519E8-19FC-4A94-83CF-1E8399A7F0A3}.Debug|Any CPU.Build.0 = Debug|Any CPU
		{14B519E8-19FC-4A94-83CF-1E8399A7F0A3}.Release|Any CPU.ActiveCfg = Release|Any CPU
		{14B519E8-19FC-4A94-83CF-1E8399A7F0A3}.Release|Any CPU.Build.0 = Release|Any CPU
	EndGlobalSection
	GlobalSection(SolutionProperties) = preSolution
		HideSolutionNode = FALSE
	EndGlobalSection
	GlobalSection(NestedProjects) = preSolution
		{3B737F78-AC3C-40B5-AAE1-7A3295BF84AB} = {92A1470A-7B38-4A0F-8D1C-48342882439C}
		{38325379-D155-4267-B71F-505F405A8EEC} = {DB0A5CBC-4D7F-459F-B892-2E98DA62475A}
		{C749BB49-0744-4978-A1E1-2649B27C0A61} = {2A538B45-EDA5-4E98-A8D4-8E5C4D4A3E58}
		{243C6D50-D5AF-4FBE-AE68-D1FB20E052A4} = {0E339B8A-D231-4E24-9DCE-F3B991FB98D1}
		{14B519E8-19FC-4A94-83CF-1E8399A7F0A3} = {7E35E6A8-0DA2-4E18-AA73-005FCD2BCE5C}
	EndGlobalSection
	GlobalSection(ExtensibilityGlobals) = postSolution
		SolutionGuid = {DC84286D-A4E1-4D34-B6A5-2593002C43D7}
	EndGlobalSection
EndGlobal
